
Microsoft Visual Studio Solution File, Format Version 12.00
# Visual Studio Version 17
VisualStudioVersion = 17.10.35004.147
MinimumVisualStudioVersion = 10.0.40219.1
Project("{FAE04EC0-301F-11D3-BF4B-00C04F79EFBC}") = "GameOfLife_TDD_App", "GameOfLife_TDD_App\GameOfLife_TDD_App.csproj", "{6FC2BE2D-FED2-4324-BB9B-26F0D0F6BED0}"
EndProject
Project("{FAE04EC0-301F-11D3-BF4B-00C04F79EFBC}") = "GameOfLife_TDD_Tests", "GameOfLife_TDD_Tests\GameOfLife_TDD_Tests.csproj", "{45F0D80B-8277-4BB8-BB15-09ADAF12EBF6}"
EndProject
Global
	GlobalSection(SolutionConfigurationPlatforms) = preSolution
		Debug|Any CPU = Debug|Any CPU
		Release|Any CPU = Release|Any CPU
	EndGlobalSection
	GlobalSection(ProjectConfigurationPlatforms) = postSolution
		{6FC2BE2D-FED2-4324-BB9B-26F0D0F6BED0}.Debug|Any CPU.ActiveCfg = Debug|Any CPU
		{6FC2BE2D-FED2-4324-BB9B-26F0D0F6BED0}.Debug|Any CPU.Build.0 = Debug|Any CPU
		{6FC2BE2D-FED2-4324-BB9B-26F0D0F6BED0}.Release|Any CPU.ActiveCfg = Release|Any CPU
		{6FC2BE2D-FED2-4324-BB9B-26F0D0F6BED0}.Release|Any CPU.Build.0 = Release|Any CPU
		{45F0D80B-8277-4BB8-BB15-09ADAF12EBF6}.Debug|Any CPU.ActiveCfg = Debug|Any CPU
		{45F0D80B-8277-4BB8-BB15-09ADAF12EBF6}.Debug|Any CPU.Build.0 = Debug|Any CPU
		{45F0D80B-8277-4BB8-BB15-09ADAF12EBF6}.Release|Any CPU.ActiveCfg = Release|Any CPU
		{45F0D80B-8277-4BB8-BB15-09ADAF12EBF6}.Release|Any CPU.Build.0 = Release|Any CPU
	EndGlobalSection
	GlobalSection(SolutionProperties) = preSolution
		HideSolutionNode = FALSE
	EndGlobalSection
	GlobalSection(ExtensibilityGlobals) = postSolution
		SolutionGuid = {11F43234-DC88-4787-8201-9EDB21E1C2B1}
	EndGlobalSection
EndGlobal
